# This file is automatically @generated by Cargo.
# It is not intended for manual editing.
version = 4

[[package]]
name = "bor-chainspec"
version = "0.1.0"

[[package]]
name = "bor-consensus"
version = "0.1.0"

[[package]]
name = "bor-evm"
version = "0.1.0"

[[package]]
name = "bor-node"
version = "0.1.0"

[[package]]
name = "bor-payload"
version = "0.1.0"

[[package]]
name = "bor-primitives"
version = "0.1.0"

[[package]]
name = "bor-rpc"
version = "0.1.0"

[[package]]
name = "bor-storage"
version = "0.1.0"

[[package]]
name = "boreth"
version = "0.1.0"

[[package]]
name = "heimdall-client"
version = "0.1.0"
